
Microsoft Visual Studio Solution File, Format Version 12.00
# Visual Studio Version 17
VisualStudioVersion = 17.14.36414.22 d17.14
MinimumVisualStudioVersion = 10.0.40219.1
Project("{FAE04EC0-301F-11D3-BF4B-00C04F79EFBC}") = "ProjetoEcommerce", "ProjetoEcommerce\ProjetoEcommerce.csproj", "{DDCC9C1A-151D-456E-9982-4ACBC70338AD}"
EndProject
Global
	GlobalSection(SolutionConfigurationPlatforms) = preSolution
		Debug|Any CPU = Debug|Any CPU
		Release|Any CPU = Release|Any CPU
	EndGlobalSection
	GlobalSection(ProjectConfigurationPlatforms) = postSolution
		{DDCC9C1A-151D-456E-9982-4ACBC70338AD}.Debug|Any CPU.ActiveCfg = Debug|Any CPU
		{DDCC9C1A-151D-456E-9982-4ACBC70338AD}.Debug|Any CPU.Build.0 = Debug|Any CPU
		{DDCC9C1A-151D-456E-9982-4ACBC70338AD}.Release|Any CPU.ActiveCfg = Release|Any CPU
		{DDCC9C1A-151D-456E-9982-4ACBC70338AD}.Release|Any CPU.Build.0 = Release|Any CPU
	EndGlobalSection
	GlobalSection(SolutionProperties) = preSolution
		HideSolutionNode = FALSE
	EndGlobalSection
	GlobalSection(ExtensibilityGlobals) = postSolution
		SolutionGuid = {8E556A05-34FF-42CF-B53C-6248A1EF2BED}
	EndGlobalSection
EndGlobal
